
Microsoft Visual Studio Solution File, Format Version 12.00
# Visual Studio 15
VisualStudioVersion = 15.0.28307.779
MinimumVisualStudioVersion = 10.0.40219.1
Project("{FAE04EC0-301F-11D3-BF4B-00C04F79EFBC}") = "Proje", "Proje\Proje.csproj", "{AAC58BDA-9E05-46EE-B891-922F099C6C57}"
EndProject
Global
	GlobalSection(SolutionConfigurationPlatforms) = preSolution
		Debug|Any CPU = Debug|Any CPU
		Release|Any CPU = Release|Any CPU
	EndGlobalSection
	GlobalSection(ProjectConfigurationPlatforms) = postSolution
		{AAC58BDA-9E05-46EE-B891-922F099C6C57}.Debug|Any CPU.ActiveCfg = Debug|Any CPU
		{AAC58BDA-9E05-46EE-B891-922F099C6C57}.Debug|Any CPU.Build.0 = Debug|Any CPU
		{AAC58BDA-9E05-46EE-B891-922F099C6C57}.Release|Any CPU.ActiveCfg = Release|Any CPU
		{AAC58BDA-9E05-46EE-B891-922F099C6C57}.Release|Any CPU.Build.0 = Release|Any CPU
	EndGlobalSection
	GlobalSection(SolutionProperties) = preSolution
		HideSolutionNode = FALSE
	EndGlobalSection
	GlobalSection(ExtensibilityGlobals) = postSolution
		SolutionGuid = {E6051F6A-685F-4337-8578-56E6130BF5E3}
	EndGlobalSection
EndGlobal
